<Project ToolsVersion="4.0" xmlns="http://schemas.microsoft.com/developer/msbuild/2003">
  <ItemGroup>
    <Filter Include="Source Files">
      <UniqueIdentifier>{4FC737F1-C7A5-4376-A066-2A32D752A2FF}</UniqueIdentifier>
      <Extensions>cpp;c;cc;cxx;def;odl;idl;hpj;bat;asm;asmx</Extensions>
    </Filter>
    <Filter Include="Header Files">
      <UniqueIdentifier>{93995380-89BD-4b04-88EB-625FBE52EBFB}</UniqueIdentifier>
      <Extensions>h;hpp;hxx;hm;inl;inc;xsd</Extensions>
    </Filter>
    <Filter Include="Resource Files">
      <UniqueIdentifier>{67DA6AB6-F800-4c08-8B7A-83BB121AAD01}</UniqueIdentifier>
      <Extensions>rc;ico;cur;bmp;dlg;rc2;rct;bin;rgs;gif;jpg;jpeg;jpe;resx;tiff;tif;png;wav</Extensions>
    </Filter>
    <Filter Include="assets">
      <UniqueIdentifier>{ff67e8fd-880e-4f48-8438-eab1c31f3b9e}</UniqueIdentifier>
    </Filter>
    <Filter Include="assets\shaders">
      <UniqueIdentifier>{596408c3-2fed-45c6-94ba-05a1cf3b2026}</UniqueIdentifier>
    </Filter>
    <Filter Include="Cinder-Bullet3D">
      <UniqueIdentifier>{84454b9b-9b2a-4bae-8039-3168887e79c0}</UniqueIdentifier>
    </Filter>
    <Filter Include="3rd-party">
      <UniqueIdentifier>{a3a9a487-66ff-494d-9005-d4601bbe668e}</UniqueIdentifier>
    </Filter>
    <Filter Include="3rd-party\LBFGs">
      <UniqueIdentifier>{8f824a17-6de6-48f9-9719-a5447f7d131b}</UniqueIdentifier>
    </Filter>
  </ItemGroup>
  <ItemGroup>
    <ClInclude Include="..\third-party\LBFGSpp\include\LBFGS.h">
      <Filter>3rd-party\LBFGs</Filter>
    </ClInclude>
    <ClInclude Include="..\third-party\LBFGSpp\include\LBFGS\LineSearch.h">
      <Filter>3rd-party\LBFGs</Filter>
    </ClInclude>
    <ClInclude Include="..\third-party\LBFGSpp\include\LBFGS\Param.h">
      <Filter>3rd-party\LBFGs</Filter>
    </ClInclude>
    <ClInclude Include="..\third-party\tinyformat\include\tinyformat.h">
      <Filter>3rd-party</Filter>
    </ClInclude>
    <ClCompile Include="AdjointUtilities.cpp">
      <Filter>Source Files</Filter>
    </ClCompile>
    <ClCompile Include="BackgroundWorker.cpp">
      <Filter>Source Files</Filter>
    </ClCompile>
    <ClCompile Include="GridUtils.cpp">
      <Filter>Source Files</Filter>
    </ClCompile>
    <ClCompile Include="GridVisualization.cpp">
      <Filter>Source Files</Filter>
    </ClCompile>
    <ClCompile Include="InverseProblem_Adjoint_Dynamic.cpp">
      <Filter>Source Files</Filter>
    </ClCompile>
    <ClCompile Include="InverseProblem_Adjoint_InitialConfiguration.cpp">
      <Filter>Source Files</Filter>
    </ClCompile>
    <ClCompile Include="InverseProblem_Adjoint_YoungsModulus.cpp">
      <Filter>Source Files</Filter>
    </ClCompile>
    <ClCompile Include="InverseProblem_HumanSoftTissue.cpp">
      <Filter>Source Files</Filter>
    </ClCompile>
    <ClCompile Include="InverseProblem_ProbabilisticElastography.cpp">
      <Filter>Source Files</Filter>
    </ClCompile>
    <ClCompile Include="ParamsBasicApp.cpp">
      <Filter>Source Files</Filter>
    </ClCompile>
    <ClCompile Include="SoftBody2DResults.cpp">
      <Filter>Source Files</Filter>
    </ClCompile>
    <ClCompile Include="SoftBodyGrid2D.cpp">
      <Filter>Source Files</Filter>
    </ClCompile>
    <ClCompile Include="SoftBodyMesh2D.cpp">
      <Filter>Source Files</Filter>
    </ClCompile>
    <ClCompile Include="SoftBodySimulation.cpp">
      <Filter>Source Files</Filter>
    </ClCompile>
    <ClCompile Include="stdafx.cpp">
      <Filter>Source Files</Filter>
    </ClCompile>
    <ClCompile Include="TimeIntegrator1.cpp">
      <Filter>Source Files</Filter>
    </ClCompile>
    <ClCompile Include="TimeIntegrator2.cpp">
      <Filter>Source Files</Filter>
    </ClCompile>
    <ClCompile Include="TransferFunctionEditor.cpp">
      <Filter>Source Files</Filter>
    </ClCompile>
    <ClCompile Include="Utils.cpp">
      <Filter>Source Files</Filter>
    </ClCompile>
    <ClCompile Include="VboMeshApp.cpp">
      <Filter>Source Files</Filter>
    </ClCompile>
    <ClInclude Include="RpropGradientDescent.h">
      <Filter>Header Files</Filter>
    </ClInclude>
    <ClInclude Include="GraphPlot.h">
      <Filter>Header Files</Filter>
    </ClInclude>
    <ClInclude Include="ObjectLoader.h">
      <Filter>Header Files</Filter>
    </ClInclude>
  </ItemGroup>
  <ItemGroup>
    <ClInclude Include="AdjointHelper.h">
      <Filter>Header Files</Filter>
    </ClInclude>
    <ClInclude Include="AdjointUtilities.h">
      <Filter>Header Files</Filter>
    </ClInclude>
    <ClInclude Include="BackgroundWorker.h">
      <Filter>Header Files</Filter>
    </ClInclude>
    <ClInclude Include="Commons.h">
      <Filter>Header Files</Filter>
    </ClInclude>
    <ClInclude Include="EigenMultivariateNormal.h">
      <Filter>Header Files</Filter>
    </ClInclude>
    <ClInclude Include="GradientDescent.h">
      <Filter>Header Files</Filter>
    </ClInclude>
    <ClInclude Include="GridUtils.h">
      <Filter>Header Files</Filter>
    </ClInclude>
    <ClInclude Include="GridVisualization.h">
      <Filter>Header Files</Filter>
    </ClInclude>
    <ClInclude Include="IInverseProblem.h">
      <Filter>Header Files</Filter>
    </ClInclude>
    <ClInclude Include="Integration.h">
      <Filter>Header Files</Filter>
    </ClInclude>
    <ClInclude Include="InverseProblem_Adjoint_Dynamic.h">
      <Filter>Header Files</Filter>
    </ClInclude>
    <ClInclude Include="InverseProblem_Adjoint_InitialConfiguration.h">
      <Filter>Header Files</Filter>
    </ClInclude>
    <ClInclude Include="InverseProblem_Adjoint_YoungsModulus.h">
      <Filter>Header Files</Filter>
    </ClInclude>
    <ClInclude Include="InverseProblem_HumanSoftTissue.h">
      <Filter>Header Files</Filter>
    </ClInclude>
    <ClInclude Include="InverseProblem_ProbabilisticElastography.h">
      <Filter>Header Files</Filter>
    </ClInclude>
    <ClInclude Include="SoftBody2DResults.h">
      <Filter>Header Files</Filter>
    </ClInclude>
    <ClInclude Include="SoftBodyGrid2D.h">
      <Filter>Header Files</Filter>
    </ClInclude>
    <ClInclude Include="SoftBodyMesh2D.h">
      <Filter>Header Files</Filter>
    </ClInclude>
    <ClInclude Include="SoftBodySimulation.h">
      <Filter>Header Files</Filter>
    </ClInclude>
    <ClInclude Include="stdafx.h">
      <Filter>Header Files</Filter>
    </ClInclude>
    <ClInclude Include="TimeIntegrator.h">
      <Filter>Header Files</Filter>
    </ClInclude>
    <ClInclude Include="TransferFunctionEditor.h">
      <Filter>Header Files</Filter>
    </ClInclude>
    <ClInclude Include="Utils.h">
      <Filter>Header Files</Filter>
    </ClInclude>
    <ClInclude Include="GeometryUtils2D.h">
      <Filter>Header Files</Filter>
    </ClInclude>
  </ItemGroup>
  <ItemGroup>
    <ClCompile Include="GraphPlot.cpp">
      <Filter>Source Files</Filter>
    </ClCompile>
    <ClCompile Include="ObjectLoader.cpp">
      <Filter>Source Files</Filter>
    </ClCompile>
  </ItemGroup>
</Project>